
Microsoft Visual Studio Solution File, Format Version 12.00
# Visual Studio Version 17
VisualStudioVersion = 17.12.35527.113
MinimumVisualStudioVersion = 10.0.40219.1
Project("{FAE04EC0-301F-11D3-BF4B-00C04F79EFBC}") = "Lab_9", "Lab_9\Lab_9.csproj", "{770D0CA1-E594-458F-A41C-A8DEFD7D0E66}"
EndProject
Project("{FAE04EC0-301F-11D3-BF4B-00C04F79EFBC}") = "UnitTest", "UnitTest4\UnitTest.csproj", "{F1BB549E-B3FD-4C9B-9F23-FE9A1A11F153}"
EndProject
Global
	GlobalSection(SolutionConfigurationPlatforms) = preSolution
		Debug|Any CPU = Debug|Any CPU
		Release|Any CPU = Release|Any CPU
	EndGlobalSection
	GlobalSection(ProjectConfigurationPlatforms) = postSolution
		{770D0CA1-E594-458F-A41C-A8DEFD7D0E66}.Debug|Any CPU.ActiveCfg = Debug|Any CPU
		{770D0CA1-E594-458F-A41C-A8DEFD7D0E66}.Debug|Any CPU.Build.0 = Debug|Any CPU
		{770D0CA1-E594-458F-A41C-A8DEFD7D0E66}.Release|Any CPU.ActiveCfg = Release|Any CPU
		{770D0CA1-E594-458F-A41C-A8DEFD7D0E66}.Release|Any CPU.Build.0 = Release|Any CPU
		{F1BB549E-B3FD-4C9B-9F23-FE9A1A11F153}.Debug|Any CPU.ActiveCfg = Debug|Any CPU
		{F1BB549E-B3FD-4C9B-9F23-FE9A1A11F153}.Debug|Any CPU.Build.0 = Debug|Any CPU
		{F1BB549E-B3FD-4C9B-9F23-FE9A1A11F153}.Release|Any CPU.ActiveCfg = Release|Any CPU
		{F1BB549E-B3FD-4C9B-9F23-FE9A1A11F153}.Release|Any CPU.Build.0 = Release|Any CPU
	EndGlobalSection
	GlobalSection(SolutionProperties) = preSolution
		HideSolutionNode = FALSE
	EndGlobalSection
EndGlobal
